
Microsoft Visual Studio Solution File, Format Version 12.00
# Visual Studio Version 17
VisualStudioVersion = 17.5.33516.290
MinimumVisualStudioVersion = 10.0.40219.1
Project("{9A19103F-16F7-4668-BE54-9A1E7A4F7556}") = "Clinic", "Clinic\Clinic.csproj", "{B5CB09F5-E28C-411D-A19D-BE7C38E4C20C}"
EndProject
Project("{54435603-DBB4-11D2-8724-00A0C9A8B90C}") = "Setup2", "Setup2\Setup2.vdproj", "{5B32152C-A0A0-4465-9CCE-15A2C5D736E5}"
EndProject
Global
	GlobalSection(SolutionConfigurationPlatforms) = preSolution
		Debug|Any CPU = Debug|Any CPU
		Release|Any CPU = Release|Any CPU
	EndGlobalSection
	GlobalSection(ProjectConfigurationPlatforms) = postSolution
		{B5CB09F5-E28C-411D-A19D-BE7C38E4C20C}.Debug|Any CPU.ActiveCfg = Debug|Any CPU
		{B5CB09F5-E28C-411D-A19D-BE7C38E4C20C}.Debug|Any CPU.Build.0 = Debug|Any CPU
		{B5CB09F5-E28C-411D-A19D-BE7C38E4C20C}.Release|Any CPU.ActiveCfg = Release|Any CPU
		{B5CB09F5-E28C-411D-A19D-BE7C38E4C20C}.Release|Any CPU.Build.0 = Release|Any CPU
		{5B32152C-A0A0-4465-9CCE-15A2C5D736E5}.Debug|Any CPU.ActiveCfg = Debug
		{5B32152C-A0A0-4465-9CCE-15A2C5D736E5}.Release|Any CPU.ActiveCfg = Release
	EndGlobalSection
	GlobalSection(SolutionProperties) = preSolution
		HideSolutionNode = FALSE
	EndGlobalSection
	GlobalSection(ExtensibilityGlobals) = postSolution
		SolutionGuid = {1D8BB08E-D214-4564-A912-C0805D7AD5E3}
	EndGlobalSection
EndGlobal
